
Microsoft Visual Studio Solution File, Format Version 12.00
# Visual Studio Version 16
VisualStudioVersion = 16.0.30309.148
MinimumVisualStudioVersion = 10.0.40219.1
Project("{FAE04EC0-301F-11D3-BF4B-00C04F79EFBC}") = "WpfDemoMaestroDetalle", "WpfDemoMaestroDetalle\WpfDemoMaestroDetalle.csproj", "{025F520B-A62A-4B6E-8CBB-6608739B5D2F}"
EndProject
Project("{FAE04EC0-301F-11D3-BF4B-00C04F79EFBC}") = "UwpDemo", "UwpDemo\UwpDemo.csproj", "{3AF3C5BD-E141-4A61-91D5-750E59583CF7}"
EndProject
Global
	GlobalSection(SolutionConfigurationPlatforms) = preSolution
		Debug|Any CPU = Debug|Any CPU
		Debug|ARM = Debug|ARM
		Debug|ARM64 = Debug|ARM64
		Debug|x64 = Debug|x64
		Debug|x86 = Debug|x86
		Release|Any CPU = Release|Any CPU
		Release|ARM = Release|ARM
		Release|ARM64 = Release|ARM64
		Release|x64 = Release|x64
		Release|x86 = Release|x86
	EndGlobalSection
	GlobalSection(ProjectConfigurationPlatforms) = postSolution
		{025F520B-A62A-4B6E-8CBB-6608739B5D2F}.Debug|Any CPU.ActiveCfg = Debug|Any CPU
		{025F520B-A62A-4B6E-8CBB-6608739B5D2F}.Debug|Any CPU.Build.0 = Debug|Any CPU
		{025F520B-A62A-4B6E-8CBB-6608739B5D2F}.Debug|ARM.ActiveCfg = Debug|Any CPU
		{025F520B-A62A-4B6E-8CBB-6608739B5D2F}.Debug|ARM.Build.0 = Debug|Any CPU
		{025F520B-A62A-4B6E-8CBB-6608739B5D2F}.Debug|ARM64.ActiveCfg = Debug|Any CPU
		{025F520B-A62A-4B6E-8CBB-6608739B5D2F}.Debug|ARM64.Build.0 = Debug|Any CPU
		{025F520B-A62A-4B6E-8CBB-6608739B5D2F}.Debug|x64.ActiveCfg = Debug|Any CPU
		{025F520B-A62A-4B6E-8CBB-6608739B5D2F}.Debug|x64.Build.0 = Debug|Any CPU
		{025F520B-A62A-4B6E-8CBB-6608739B5D2F}.Debug|x86.ActiveCfg = Debug|Any CPU
		{025F520B-A62A-4B6E-8CBB-6608739B5D2F}.Debug|x86.Build.0 = Debug|Any CPU
		{025F520B-A62A-4B6E-8CBB-6608739B5D2F}.Release|Any CPU.ActiveCfg = Release|Any CPU
		{025F520B-A62A-4B6E-8CBB-6608739B5D2F}.Release|Any CPU.Build.0 = Release|Any CPU
		{025F520B-A62A-4B6E-8CBB-6608739B5D2F}.Release|ARM.ActiveCfg = Release|Any CPU
		{025F520B-A62A-4B6E-8CBB-6608739B5D2F}.Release|ARM.Build.0 = Release|Any CPU
		{025F520B-A62A-4B6E-8CBB-6608739B5D2F}.Release|ARM64.ActiveCfg = Release|Any CPU
		{025F520B-A62A-4B6E-8CBB-6608739B5D2F}.Release|ARM64.Build.0 = Release|Any CPU
		{025F520B-A62A-4B6E-8CBB-6608739B5D2F}.Release|x64.ActiveCfg = Release|Any CPU
		{025F520B-A62A-4B6E-8CBB-6608739B5D2F}.Release|x64.Build.0 = Release|Any CPU
		{025F520B-A62A-4B6E-8CBB-6608739B5D2F}.Release|x86.ActiveCfg = Release|Any CPU
		{025F520B-A62A-4B6E-8CBB-6608739B5D2F}.Release|x86.Build.0 = Release|Any CPU
		{3AF3C5BD-E141-4A61-91D5-750E59583CF7}.Debug|Any CPU.ActiveCfg = Debug|x86
		{3AF3C5BD-E141-4A61-91D5-750E59583CF7}.Debug|ARM.ActiveCfg = Debug|ARM
		{3AF3C5BD-E141-4A61-91D5-750E59583CF7}.Debug|ARM.Build.0 = Debug|ARM
		{3AF3C5BD-E141-4A61-91D5-750E59583CF7}.Debug|ARM.Deploy.0 = Debug|ARM
		{3AF3C5BD-E141-4A61-91D5-750E59583CF7}.Debug|ARM64.ActiveCfg = Debug|ARM64
		{3AF3C5BD-E141-4A61-91D5-750E59583CF7}.Debug|ARM64.Build.0 = Debug|ARM64
		{3AF3C5BD-E141-4A61-91D5-750E59583CF7}.Debug|ARM64.Deploy.0 = Debug|ARM64
		{3AF3C5BD-E141-4A61-91D5-750E59583CF7}.Debug|x64.ActiveCfg = Debug|x64
		{3AF3C5BD-E141-4A61-91D5-750E59583CF7}.Debug|x64.Build.0 = Debug|x64
		{3AF3C5BD-E141-4A61-91D5-750E59583CF7}.Debug|x64.Deploy.0 = Debug|x64
		{3AF3C5BD-E141-4A61-91D5-750E59583CF7}.Debug|x86.ActiveCfg = Debug|x86
		{3AF3C5BD-E141-4A61-91D5-750E59583CF7}.Debug|x86.Build.0 = Debug|x86
		{3AF3C5BD-E141-4A61-91D5-750E59583CF7}.Debug|x86.Deploy.0 = Debug|x86
		{3AF3C5BD-E141-4A61-91D5-750E59583CF7}.Release|Any CPU.ActiveCfg = Release|x86
		{3AF3C5BD-E141-4A61-91D5-750E59583CF7}.Release|ARM.ActiveCfg = Release|ARM
		{3AF3C5BD-E141-4A61-91D5-750E59583CF7}.Release|ARM.Build.0 = Release|ARM
		{3AF3C5BD-E141-4A61-91D5-750E59583CF7}.Release|ARM.Deploy.0 = Release|ARM
		{3AF3C5BD-E141-4A61-91D5-750E59583CF7}.Release|ARM64.ActiveCfg = Release|ARM64
		{3AF3C5BD-E141-4A61-91D5-750E59583CF7}.Release|ARM64.Build.0 = Release|ARM64
		{3AF3C5BD-E141-4A61-91D5-750E59583CF7}.Release|ARM64.Deploy.0 = Release|ARM64
		{3AF3C5BD-E141-4A61-91D5-750E59583CF7}.Release|x64.ActiveCfg = Release|x64
		{3AF3C5BD-E141-4A61-91D5-750E59583CF7}.Release|x64.Build.0 = Release|x64
		{3AF3C5BD-E141-4A61-91D5-750E59583CF7}.Release|x64.Deploy.0 = Release|x64
		{3AF3C5BD-E141-4A61-91D5-750E59583CF7}.Release|x86.ActiveCfg = Release|x86
		{3AF3C5BD-E141-4A61-91D5-750E59583CF7}.Release|x86.Build.0 = Release|x86
		{3AF3C5BD-E141-4A61-91D5-750E59583CF7}.Release|x86.Deploy.0 = Release|x86
	EndGlobalSection
	GlobalSection(SolutionProperties) = preSolution
		HideSolutionNode = FALSE
	EndGlobalSection
	GlobalSection(ExtensibilityGlobals) = postSolution
		SolutionGuid = {561A1597-4A60-4CF8-AC72-C93F6B9866F9}
	EndGlobalSection
EndGlobal
